PODS:
  - BonMot (4.0.1)
  - Hero (1.0.0-alpha.1)

DEPENDENCIES:
  - BonMot
  - Hero (from `https://github.com/lkzhao/Hero`)

EXTERNAL SOURCES:
  Hero:
    :git: https://github.com/lkzhao/Hero

CHECKOUT OPTIONS:
  Hero:
    :commit: 8fbdc5345f7612ee619b33dbd4b0df7917d4ae1f
    :git: https://github.com/lkzhao/Hero

SPEC CHECKSUMS:
  BonMot: d8c3548412fcbb3b5f877f2097a5ca23f9adf5b4
  Hero: ac7db3fd993f82506fb402f5da71082ec051a16c

PODFILE CHECKSUM: 037583ee8cceca1b33f592ecb85859846818b76f

COCOAPODS: 1.2.1
